github.com/google/go-cmp v0.6.0 h1:ofyhxvXcZhMsU5ulbFiLKl/XBFqE1GSq7atu8tAmTRI=
github.com/google/go-cmp v0.6.0/go.mod h1:17dUlkBOakJ0+DkrSSNjCkIjxS6bF9zb3elmeNGIjoY=
github.com/google/go-cmp v0.7.0 h1:wk8382ETsv4JYUZwIsn6YpYiWiBsYLSJiTsyBybVuN8=
golang.org/x/net v0.25.0 h1:d/OCCoBEUq33pjydKrGQhw7IlUPI2Oylr+8qLx49kac=
golang.org/x/net v0.25.0/go.mod h1:JkAGAh7GEvH74S6FOH42FLoXpXbE/aqXSrIQjXgsiwM=
golang.org/x/net v0.49.0 h1:eeHFmOGUTtaaPSGNmjBKpbng9MulQsJURQUAfUwY++o=
golang.org/x/net v0.49.0/go.mod h1:/ysNB2EvaqvesRkuLAyjI1ycPZlQHM3q01F02UY/MV8=
golang.org/x/sys v0.20.0 h1:Od9JTbYCk261bKm4M/mw7AklTlFYIa0bIp9BgSm1S8Y=
golang.org/x/sys v0.20.0/go.mod h1:/VUhepiaJMQUp4+oa/7Zr1D23ma6VTLIYjOOTFZPUcA=
golang.org/x/sys v0.40.0 h1:DBZZqJ2Rkml6QMQsZywtnjnnGvHza6BTfYFWY9kjEWQ=
golang.org/x/sys v0.40.0/go.mod h1:OgkHotnGiDImocRcuBABYBEXf8A9a87e/uXjp9XT3ks=
golang.org/x/text v0.15.0 h1:h1V/4gjBv8v9cjcR6+AR5+/cIYK5N/WAgiv4xlsEtAk=
golang.org/x/text v0.15.0/go.mod h1:18ZOQIKpY8NJVqYksKHtTdi31H5itFRjB5/qKTNYzSU=
golang.org/x/text v0.33.0 h1:B3njUFyqtHDUI5jMn1YIr5B0IE2U0qck04r6d4KPAxE=
golang.org/x/text v0.33.0/go.mod h1:LuMebE6+rBincTi9+xWTY8TztLzKHc/9C1uBCG27+q8=
google.golang.org/genproto/googleapis/rpc v0.0.0-20240528184218-531527333157 h1:Zy9XzmMEflZ/MAaA7vNcoebnRAld7FsPW1EeBB7V0m8=
google.golang.org/genproto/googleapis/rpc v0.0.0-20240528184218-531527333157/go.mod h1:EfXuqaE1J41VCDicxHzUDm+8rk+7ZdXzHV0IhO/I6s0=
google.golang.org/genproto/googleapis/rpc v0.0.0-20260120221211-b8f7ae30c516 h1:sNrWoksmOyF5bvJUcnmbeAmQi8baNhqg5IWaI3llQqU=
google.golang.org/genproto/googleapis/rpc v0.0.0-20260120221211-b8f7ae30c516/go.mod h1:j9x/tPzZkyxcgEFkiKEEGxfvyumM01BEtsW8xzOahRQ=
google.golang.org/grpc v1.65.0 h1:bs/cUb4lp1G5iImFFd3u5ixQzweKizoZJAwBNLR42lc=
google.golang.org/grpc v1.65.0/go.mod h1:WgYC2ypjlB0EiQi6wdKixMqukr6lBc0Vo+oOgjrM5ZQ=
google.golang.org/grpc v1.80.0 h1:Xr6m2WmWZLETvUNvIUmeD5OAagMw3FiKmMlTdViWsHM=
google.golang.org/grpc v1.80.0/go.mod h1:ho/dLnxwi3EDJA4Zghp7k2Ec1+c2jqup0bFkw07bwF4=
google.golang.org/protobuf v1.34.2 h1:6xV6lTsCfpGD21XK49h7MhtcApnLqkfYgPcdHftf6hg=
google.golang.org/protobuf v1.34.2/go.mod h1:qYOHts0dSfpeUzUFpOMr/WGzszTmLH+DiWniOlNbLDw=
google.golang.org/protobuf v1.36.11 h1:fV6ZwhNocDyBLK0dj+fg8ektcVegBBuEolpbTQyBNVE=
google.golang.org/protobuf v1.36.11/go.mod h1:HTf+CrKn2C3g5S8VImy6tdcUvCska2kB7j23XfzDpco=
